{
  "name": "day9",
  "version": "1.0.0",
  "lockfileVersion": 2,
  "requires": true,
  "packages": {
    "": {
      "name": "day9",
      "version": "1.0.0",
      "license": "ISC",
      "dependencies": {
        "commander": "^9.4.1",
        "figlet": "^1.5.2",
        "n-readlines": "^1.0.1"
      },
      "devDependencies": {
        "@types/node": "^18.11.12",
        "prettier": "2.8.1",
        "typescript": "^4.9.4"
      }
    },
    "node_modules/@types/node": {
      "version": "18.11.12",
      "resolved": "https://registry.npmjs.org/@types/node/-/node-18.11.12.tgz",
      "integrity": "sha512-FgD3NtTAKvyMmD44T07zz2fEf+OKwutgBCEVM8GcvMGVGaDktiLNTDvPwC/LUe3PinMW+X6CuLOF2Ui1mAlSXg==",
      "dev": true
    },
    "node_modules/commander": {
      "version": "9.4.1",
      "resolved": "https://registry.npmjs.org/commander/-/commander-9.4.1.tgz",
      "integrity": "sha512-5EEkTNyHNGFPD2H+c/dXXfQZYa/scCKasxWcXJaWnNJ99pnQN9Vnmqow+p+PlFPE63Q6mThaZws1T+HxfpgtPw==",
      "engines": {
        "node": "^12.20.0 || >=14"
      }
    },
    "node_modules/figlet": {
      "version": "1.5.2",
      "resolved": "https://registry.npmjs.org/figlet/-/figlet-1.5.2.tgz",
      "integrity": "sha512-WOn21V8AhyE1QqVfPIVxe3tupJacq1xGkPTB4iagT6o+P2cAgEOOwIxMftr4+ZCTI6d551ij9j61DFr0nsP2uQ==",
      "engines": {
        "node": ">= 0.4.0"
      }
    },
    "node_modules/n-readlines": {
      "version": "1.0.1",
      "resolved": "https://registry.npmjs.org/n-readlines/-/n-readlines-1.0.1.tgz",
      "integrity": "sha512-z4SyAIVgMy7CkgsoNw7YVz40v0g4+WWvvqy8+ZdHrCtgevcEO758WQyrYcw3XPxcLxF+//RszTz/rO48nzD0wQ==",
      "engines": {
        "node": ">=6.x.x"
      }
    },
    "node_modules/prettier": {
      "version": "2.8.1",
      "resolved": "https://registry.npmjs.org/prettier/-/prettier-2.8.1.tgz",
      "integrity": "sha512-lqGoSJBQNJidqCHE80vqZJHWHRFoNYsSpP9AjFhlhi9ODCJA541svILes/+/1GM3VaL/abZi7cpFzOpdR9UPKg==",
      "dev": true,
      "bin": {
        "prettier": "bin-prettier.js"
      },
      "engines": {
        "node": ">=10.13.0"
      },
      "funding": {
        "url": "https://github.com/prettier/prettier?sponsor=1"
      }
    },
    "node_modules/typescript": {
      "version": "4.9.4",
      "resolved": "https://registry.npmjs.org/typescript/-/typescript-4.9.4.tgz",
      "integrity": "sha512-Uz+dTXYzxXXbsFpM86Wh3dKCxrQqUcVMxwU54orwlJjOpO3ao8L7j5lH+dWfTwgCwIuM9GQ2kvVotzYJMXTBZg==",
      "dev": true,
      "bin": {
        "tsc": "bin/tsc",
        "tsserver": "bin/tsserver"
      },
      "engines": {
        "node": ">=4.2.0"
      }
    }
  },
  "dependencies": {
    "@types/node": {
      "version": "18.11.12",
      "resolved": "https://registry.npmjs.org/@types/node/-/node-18.11.12.tgz",
      "integrity": "sha512-FgD3NtTAKvyMmD44T07zz2fEf+OKwutgBCEVM8GcvMGVGaDktiLNTDvPwC/LUe3PinMW+X6CuLOF2Ui1mAlSXg==",
      "dev": true
    },
    "commander": {
      "version": "9.4.1",
      "resolved": "https://registry.npmjs.org/commander/-/commander-9.4.1.tgz",
      "integrity": "sha512-5EEkTNyHNGFPD2H+c/dXXfQZYa/scCKasxWcXJaWnNJ99pnQN9Vnmqow+p+PlFPE63Q6mThaZws1T+HxfpgtPw=="
    },
    "figlet": {
      "version": "1.5.2",
      "resolved": "https://registry.npmjs.org/figlet/-/figlet-1.5.2.tgz",
      "integrity": "sha512-WOn21V8AhyE1QqVfPIVxe3tupJacq1xGkPTB4iagT6o+P2cAgEOOwIxMftr4+ZCTI6d551ij9j61DFr0nsP2uQ=="
    },
    "n-readlines": {
      "version": "1.0.1",
      "resolved": "https://registry.npmjs.org/n-readlines/-/n-readlines-1.0.1.tgz",
      "integrity": "sha512-z4SyAIVgMy7CkgsoNw7YVz40v0g4+WWvvqy8+ZdHrCtgevcEO758WQyrYcw3XPxcLxF+//RszTz/rO48nzD0wQ=="
    },
    "prettier": {
      "version": "2.8.1",
      "resolved": "https://registry.npmjs.org/prettier/-/prettier-2.8.1.tgz",
      "integrity": "sha512-lqGoSJBQNJidqCHE80vqZJHWHRFoNYsSpP9AjFhlhi9ODCJA541svILes/+/1GM3VaL/abZi7cpFzOpdR9UPKg==",
      "dev": true
    },
    "typescript": {
      "version": "4.9.4",
      "resolved": "https://registry.npmjs.org/typescript/-/typescript-4.9.4.tgz",
      "integrity": "sha512-Uz+dTXYzxXXbsFpM86Wh3dKCxrQqUcVMxwU54orwlJjOpO3ao8L7j5lH+dWfTwgCwIuM9GQ2kvVotzYJMXTBZg==",
      "dev": true
    }
  }
}
